
Microsoft Visual Studio Solution File, Format Version 12.00
# Visual Studio 15
VisualStudioVersion = 15.0.27130.2020
MinimumVisualStudioVersion = 10.0.40219.1
Project("{9A19103F-16F7-4668-BE54-9A1E7A4F7556}") = "ImageGallery", "ImageGallery\ImageGallery.csproj", "{328D78F7-9A6A-4CAF-BDDA-44574F7CFA56}"
EndProject
Project("{9A19103F-16F7-4668-BE54-9A1E7A4F7556}") = "SimImageGallery.Data", "SimImageGallery\SimImageGallery.Data.csproj", "{65846A13-9A8F-48DD-B897-C0A28AC03579}"
EndProject
Global
	GlobalSection(SolutionConfigurationPlatforms) = preSolution
		Debug|Any CPU = Debug|Any CPU
		Release|Any CPU = Release|Any CPU
	EndGlobalSection
	GlobalSection(ProjectConfigurationPlatforms) = postSolution
		{328D78F7-9A6A-4CAF-BDDA-44574F7CFA56}.Debug|Any CPU.ActiveCfg = Debug|Any CPU
		{328D78F7-9A6A-4CAF-BDDA-44574F7CFA56}.Debug|Any CPU.Build.0 = Debug|Any CPU
		{328D78F7-9A6A-4CAF-BDDA-44574F7CFA56}.Release|Any CPU.ActiveCfg = Release|Any CPU
		{328D78F7-9A6A-4CAF-BDDA-44574F7CFA56}.Release|Any CPU.Build.0 = Release|Any CPU
		{65846A13-9A8F-48DD-B897-C0A28AC03579}.Debug|Any CPU.ActiveCfg = Debug|Any CPU
		{65846A13-9A8F-48DD-B897-C0A28AC03579}.Debug|Any CPU.Build.0 = Debug|Any CPU
		{65846A13-9A8F-48DD-B897-C0A28AC03579}.Release|Any CPU.ActiveCfg = Release|Any CPU
		{65846A13-9A8F-48DD-B897-C0A28AC03579}.Release|Any CPU.Build.0 = Release|Any CPU
	EndGlobalSection
	GlobalSection(SolutionProperties) = preSolution
		HideSolutionNode = FALSE
	EndGlobalSection
	GlobalSection(ExtensibilityGlobals) = postSolution
		SolutionGuid = {9BEDDCFA-A27C-40A0-B969-E69EEF135CA1}
	EndGlobalSection
EndGlobal
